lockfileVersion: '9.0'

settings:
  autoInstallPeers: true
  excludeLinksFromLockfile: false

importers:

  .:
    devDependencies:
      '@capsizecss/core':
        specifier: 4.1.3
        version: 4.1.3
      '@capsizecss/metrics':
        specifier: 4.2.0
        version: 4.2.0
      '@playwright/test':
        specifier: 1.63.0
        version: 1.63.0
      culori:
        specifier: 4.0.2
        version: 4.0.2
      subset-font:
        specifier: 2.7.0
        version: 2.7.0

packages:

  '@capsizecss/core@4.1.3':
    resolution: {integrity: sha512-d2sTTBwKuVioYxpwpU4URMp8VkFK+GI1VNGNawQcF8HBMHzCDa1FLcbeXJSzb5AJik7ZGv3aFVCTs7IS9MhvHg==}

  '@capsizecss/metrics@4.2.0':
    resolution: {integrity: sha512-BkLX2NonSAVuHrStmxlRG/PVUxq4uQWeQGPY/G/4pi7GRQt/4A+7RzMWR8m85+0Tv7BsuBpR7JoniMS9QwuVRw==}

  '@playwright/test@1.63.0':
    resolution: {integrity: sha512-oxMK4vllB9RK5NQ2l1pq1IfOf2AvnEuj/vYGDj0H2nMtmtZpKtCwt/l00GEO6xjGfpBNAvjovvYdCm50dRQkpQ==}
    engines: {node: '>=20'}
    hasBin: true

  argparse@2.0.1:
    resolution: {integrity: sha512-8+9WqebbFzpX9OR+Wa6O29asIogeRMzcGtAINdpMHHyAg10f05aSFVBbcEqGf/PXw1EjAZ+q2/bEBg3DvurK3Q==}

  csstype@3.2.3:
    resolution: {integrity: sha512-z1HGKcYy2xA8AGQfwrn0PAy+PB7X/GSj3UVJW9qKyn43xWa+gl5nXmU4qqLMRzWVLFC8KusUX8T/0kCiOYpAIQ==}

  culori@4.0.2:
    resolution: {integrity: sha512-1+BhOB8ahCn4O0cep0Sh2l9KCOfOdY+BXJnKMHFFzDEouSr/el18QwXEMRlOj9UY5nCeA8UN3a/82rUWRBeyBw==}
    engines: {node: ^12.20.0 || ^14.13.1 || >=16.0.0}

  fontverter@2.0.0:
    resolution: {integrity: sha512-DFVX5hvXuhi1Jven1tbpebYTCT9XYnvx6/Z+HFUPb7ZRMCW+pj2clU9VMhoTPgWKPhAs7JJDSk3CW1jNUvKCZQ==}

  harfbuzzjs@0.10.3:
    resolution: {integrity: sha512-GJnLUrgLMadlMYrBGEXwYEimObbysy3prWT4HyPpFQERvgTU/OZ+ReUlEPOum6w4RBtFXzXiCCmECOr4sz3qwQ==}

  p-limit@3.1.0:
    resolution: {integrity: sha512-TYOanM3wGwNGsZN2cVTYPArw454xnXj5qmWF1bEoAc4+cU/ol7GVh7odevjp1FNHduHc3KZMcFduxU5Xc6uJRQ==}
    engines: {node: '>=10'}

  pako@1.0.11:
    resolution: {integrity: sha512-4hLB8Py4zZce5s4yd9XzopqwVv/yGNhV1Bl8NTmCq1763HeK2+EwVTv+leGeL13Dnh2wfbqowVPXCIO0z4taYw==}

  playwright-core@1.63.0:
    resolution: {integrity: sha512-rYCsBF/M5HjUch52bbtVONEFjv6Xu8sm8h72dNlR5bzIE1fvC/bxgspzkjSfU+MweEMmPM8KJebG6nnyxo5mCg==}
    engines: {node: '>=20'}
    hasBin: true

  playwright@1.63.0:
    resolution: {integrity: sha512-+7ziBLidS4NaNCdt57SUDT+wYmmd5fmiQejUic/kb+YsYSCPyOOE9sebzMjNmQrsnNpDJqd4WHvV/8lfKfUDUg==}
    engines: {node: '>=20'}
    hasBin: true

  subset-font@2.7.0:
    resolution: {integrity: sha512-KoBEshkhodCspvR8DweQFkxRB0OxLmXiWV49y8O5fksD9gf/qBK8gcLwUOlGP4ktm55t2Ot0gLRsVQLT4391QQ==}

  wawoff2@2.0.1:
    resolution: {integrity: sha512-r0CEmvpH63r4T15ebFqeOjGqU4+EgTx4I510NtK35EMciSdcTxCw3Byy3JnBonz7iyIFZ0AbVo0bbFpEVuhCYA==}
    hasBin: true

  woff2sfnt-sfnt2woff@1.0.0:
    resolution: {integrity: sha512-edK4COc1c1EpRfMqCZO1xJOvdUtM5dbVb9iz97rScvnTevqEB3GllnLWCmMVp1MfQBdF1DFg/11I0rSyAdS4qQ==}

  yocto-queue@0.1.0:
    resolution: {integrity: sha512-rVksvsnNCdJ/ohGc6xgPwyN8eheCxsiLM8mxuE/t/mOVqJewPuO1miLpTHQiRgTKCLexL4MeAFVagts7HmNZ2Q==}
    engines: {node: '>=10'}

snapshots:

  '@capsizecss/core@4.1.3':
    dependencies:
      csstype: 3.2.3

  '@capsizecss/metrics@4.2.0': {}

  '@playwright/test@1.63.0':
    dependencies:
      playwright: 1.63.0

  argparse@2.0.1: {}

  csstype@3.2.3: {}

  culori@4.0.2: {}

  fontverter@2.0.0:
    dependencies:
      wawoff2: 2.0.1
      woff2sfnt-sfnt2woff: 1.0.0

  harfbuzzjs@0.10.3: {}

  p-limit@3.1.0:
    dependencies:
      yocto-queue: 0.1.0

  pako@1.0.11: {}

  playwright-core@1.63.0: {}

  playwright@1.63.0:
    dependencies:
      playwright-core: 1.63.0

  subset-font@2.7.0:
    dependencies:
      fontverter: 2.0.0
      harfbuzzjs: 0.10.3
      p-limit: 3.1.0

  wawoff2@2.0.1:
    dependencies:
      argparse: 2.0.1

  woff2sfnt-sfnt2woff@1.0.0:
    dependencies:
      pako: 1.0.11

  yocto-queue@0.1.0: {}
